// !$*UTF8*$!
{
	archiveVersion = 1;
	classes = {
	};
	objectVersion = 46;
	objects = {

/* Begin PBXBuildFile section */
		4EF6746D1CCE565D007E132F /* AppDelegate.swift in Sources */ = {isa = PBXBuildFile; fileRef = 4EF6746C1CCE565D007E132F /* AppDelegate.swift */; };
		4EF6746F1CCE565D007E132F /* ViewController.swift in Sources */ = {isa = PBXBuildFile; fileRef = 4EF6746E1CCE565D007E132F /* ViewController.swift */; };
		4EF674721CCE565D007E132F /* Main.storyboard in Resources */ = {isa = PBXBuildFile; fileRef = 4EF674701CCE565D007E132F /* Main.storyboard */; };
		4EF674741CCE565D007E132F /* Assets.xcassets in Resources */ = {isa = PBXBuildFile; fileRef = 4EF674731CCE565D007E132F /* Assets.xcassets */; };
		4EF674771CCE565D007E132F /* LaunchScreen.storyboard in Resources */ = {isa = PBXBuildFile; fileRef = 4EF674751CCE565D007E132F /* LaunchScreen.storyboard */; };
/* End PBXBuildFile section */

/* Begin PBXFileReference section */
		4EF674691CCE565D007E132F /* swift函数式编程.app */ = {isa = PBXFileReference; explicitFileType = wrapper.application; includeInIndex = 0; path = "swift函数式编程.app"; sourceTree = BUILT_PRODUCTS_DIR; };
		4EF6746C1CCE565D007E132F /* AppDelegate.swift */ = {isa = PBXFileReference; lastKnownFileType = sourcecode.swift; path = AppDelegate.swift; sourceTree = "<group>"; };
		4EF6746E1CCE565D007E132F /* ViewController.swift */ = {isa = PBXFileReference; lastKnownFileType = sourcecode.swift; path = ViewController.swift; sourceTree = "<group>"; };
		4EF674711CCE565D007E132F /* Base */ = {isa = PBXFileReference; lastKnownFileType = file.storyboard; name = Base; path = Base.lproj/Main.storyboard; sourceTree = "<group>"; };
		4EF674731CCE565D007E132F /* Assets.xcassets */ = {isa = PBXFileReference; lastKnownFileType = folder.assetcatalog; path = Assets.xcassets; sourceTree = "<group>"; };
		4EF674761CCE565D007E132F /* Base */ = {isa = PBXFileReference; lastKnownFileType = file.storyboard; name = Base; path = Base.lproj/LaunchScreen.storyboard; sourceTree = "<group>"; };
		4EF674781CCE565D007E132F /* Info.plist */ = {isa = PBXFileReference; lastKnownFileType = text.plist.xml; path = Info.plist; sourceTree = "<group>"; };
		4EF6747E1CCE5797007E132F /* FunctionalProgramming_1.playground */ = {isa = PBXFileReference; lastKnownFileType = file.playground; path = FunctionalProgramming_1.playground; sourceTree = "<group>"; };
/* End PBXFileReference section */

/* Begin PBXFrameworksBuildPhase section */
		4EF674661CCE565D007E132F /* Frameworks */ = {
			isa = PBXFrameworksBuildPhase;
			buildActionMask = 2147483647;
			files = (
			);
			runOnlyForDeploymentPostprocessing = 0;
		};
/* End PBXFrameworksBuildPhase section */

/* Begin PBXGroup section */
		4EF674601CCE565D007E132F = {
			isa = PBXGroup;
			children = (
				4EF6746B1CCE565D007E132F /* swift函数式编程 */,
				4EF6746A1CCE565D007E132F /* Products */,
			);
			sourceTree = "<group>";
		};
		4EF6746A1CCE565D007E132F /* Products */ = {
			isa = PBXGroup;
			children = (
				4EF674691CCE565D007E132F /* swift函数式编程.app */,
			);
			name = Products;
			sourceTree = "<group>";
		};
		4EF6746B1CCE565D007E132F /* swift函数式编程 */ = {
			isa = PBXGroup;
			children = (
				4EF6747E1CCE5797007E132F /* FunctionalProgramming_1.playground */,
				4EF6746C1CCE565D007E132F /* AppDelegate.swift */,
				4EF6746E1CCE565D007E132F /* ViewController.swift */,
				4EF674701CCE565D007E132F /* Main.storyboard */,
				4EF674731CCE565D007E132F /* Assets.xcassets */,
				4EF674751CCE565D007E132F /* LaunchScreen.storyboard */,
				4EF674781CCE565D007E132F /* Info.plist */,
			);
			path = "swift函数式编程";
			sourceTree = "<group>";
		};
/* End PBXGroup section */

/* Begin PBXNativeTarget section */
		4EF674681CCE565D007E132F /* swift函数式编程 */ = {
			isa = PBXNativeTarget;
			buildConfigurationList = 4EF6747B1CCE565D007E132F /* Build configuration list for PBXNativeTarget "swift函数式编程" */;
			buildPhases = (
				4EF674651CCE565D007E132F /* Sources */,
				4EF674661CCE565D007E132F /* Frameworks */,
				4EF674671CCE565D007E132F /* Resources */,
			);
			buildRules = (
			);
			dependencies = (
			);
			name = "swift函数式编程";
			productName = "swift函数式编程";
			productReference = 4EF674691CCE565D007E132F /* swift函数式编程.app */;
			productType = "com.apple.product-type.application";
		};
/* End PBXNativeTarget section */

/* Begin PBXProject section */
		4EF674611CCE565D007E132F /* Project object */ = {
			isa = PBXProject;
			attributes = {
				LastSwiftUpdateCheck = 0730;
				LastUpgradeCheck = 0730;
				ORGANIZATIONNAME = wuwei;
				TargetAttributes = {
					4EF674681CCE565D007E132F = {
						CreatedOnToolsVersion = 7.3;
					};
				};
			};
			buildConfigurationList = 4EF674641CCE565D007E132F /* Build configuration list for PBXProject "swift函数式编程" */;
			compatibilityVersion = "Xcode 3.2";
			developmentRegion = English;
			hasScannedForEncodings = 0;
			knownRegions = (
				en,
				Base,
			);
			mainGroup = 4EF674601CCE565D007E132F;
			productRefGroup = 4EF6746A1CCE565D007E132F /* Products */;
			projectDirPath = "";
			projectRoot = "";
			targets = (
				4EF674681CCE565D007E132F /* swift函数式编程 */,
			);
		};
/* End PBXProject section */

/* Begin PBXResourcesBuildPhase section */
		4EF674671CCE565D007E132F /* Resources */ = {
			isa = PBXResourcesBuildPhase;
			buildActionMask = 2147483647;
			files = (
				4EF674771CCE565D007E132F /* LaunchScreen.storyboard in Resources */,
				4EF674741CCE565D007E132F /* Assets.xcassets in Resources */,
				4EF674721CCE565D007E132F /* Main.storyboard in Resources */,
			);
			runOnlyForDeploymentPostprocessing = 0;
		};
/* End PBXResourcesBuildPhase section */

/* Begin PBXSourcesBuildPhase section */
		4EF674651CCE565D007E132F /* Sources */ = {
			isa = PBXSourcesBuildPhase;
			buildActionMask = 2147483647;
			files = (
				4EF6746F1CCE565D007E132F /* ViewController.swift in Sources */,
				4EF6746D1CCE565D007E132F /* AppDelegate.swift in Sources */,
			);
			runOnlyForDeploymentPostprocessing = 0;
		};
/* End PBXSourcesBuildPhase section */

/* Begin PBXVariantGroup section */
		4EF674701CCE565D007E132F /* Main.storyboard */ = {
			isa = PBXVariantGroup;
			children = (
				4EF674711CCE565D007E132F /* Base */,
			);
			name = Main.storyboard;
			sourceTree = "<group>";
		};
		4EF674751CCE565D007E132F /* LaunchScreen.storyboard */ = {
			isa = PBXVariantGroup;
			children = (
				4EF674761CCE565D007E132F /* Base */,
			);
			name = LaunchScreen.storyboard;
			sourceTree = "<group>";
		};
/* End PBXVariantGroup section */

/* Begin XCBuildConfiguration section */
		4EF674791CCE565D007E132F /* Debug */ = {
			isa = XCBuildConfiguration;
			buildSettings = {
				ALWAYS_SEARCH_USER_PATHS = NO;
				CLANG_ANALYZER_NONNULL = YES;
				CLANG_CXX_LANGUAGE_STANDARD = "gnu++0x";
				CLANG_CXX_LIBRARY = "libc++";
				CLANG_ENABLE_MODULES = YES;
				CLANG_ENABLE_OBJC_ARC = YES;
				CLANG_WARN_BOOL_CONVERSION = YES;
				CLANG_WARN_CONSTANT_CONVERSION = YES;
				CLANG_WARN_DIRECT_OBJC_ISA_USAGE = YES_ERROR;
				CLANG_WARN_EMPTY_BODY = YES;
				CLANG_WARN_ENUM_CONVERSION = YES;
				CLANG_WARN_INT_CONVERSION = YES;
				CLANG_WARN_OBJC_ROOT_CLASS = YES_ERROR;
				CLANG_WARN_UNREACHABLE_CODE = YES;
				CLANG_WARN__DUPLICATE_METHOD_MATCH = YES;
				"CODE_SIGN_IDENTITY[sdk=iphoneos*]" = "iPhone Developer";
				COPY_PHASE_STRIP = NO;
				DEBUG_INFORMATION_FORMAT = dwarf;
				ENABLE_STRICT_OBJC_MSGSEND = YES;
				ENABLE_TESTABILITY = YES;
				GCC_C_LANGUAGE_STANDARD = gnu99;
				GCC_DYNAMIC_NO_PIC = NO;
				GCC_NO_COMMON_BLOCKS = YES;
				GCC_OPTIMIZATION_LEVEL = 0;
				GCC_PREPROCESSOR_DEFINITIONS = (
					"DEBUG=1",
					"$(inherited)",
				);
				GCC_WARN_64_TO_32_BIT_CONVERSION = YES;
				GCC_WARN_ABOUT_RETURN_TYPE = YES_ERROR;
				GCC_WARN_UNDECLARED_SELECTOR = YES;
				GCC_WARN_UNINITIALIZED_AUTOS = YES_AGGRESSIVE;
				GCC_WARN_UNUSED_FUNCTION = YES;
				GCC_WARN_UNUSED_VARIABLE = YES;
				IPHONEOS_DEPLOYMENT_TARGET = 9.3;
				MTL_ENABLE_DEBUG_INFO = YES;
				ONLY_ACTIVE_ARCH = YES;
				SDKROOT = iphoneos;
				SWIFT_OPTIMIZATION_LEVEL = "-Onone";
			};
			name = Debug;
		};
		4EF6747A1CCE565D007E132F /* Release */ = {
			isa = XCBuildConfiguration;
			buildSettings = {
				ALWAYS_SEARCH_USER_PATHS = NO;
				CLANG_ANALYZER_NONNULL = YES;
				CLANG_CXX_LANGUAGE_STANDARD = "gnu++0x";
				CLANG_CXX_LIBRARY = "libc++";
				CLANG_ENABLE_MODULES = YES;
				CLANG_ENABLE_OBJC_ARC = YES;
				CLANG_WARN_BOOL_CONVERSION = YES;
				CLANG_WARN_CONSTANT_CONVERSION = YES;
				CLANG_WARN_DIRECT_OBJC_ISA_USAGE = YES_ERROR;
				CLANG_WARN_EMPTY_BODY = YES;
				CLANG_WARN_ENUM_CONVERSION = YES;
				CLANG_WARN_INT_CONVERSION = YES;
				CLANG_WARN_OBJC_ROOT_CLASS = YES_ERROR;
				CLANG_WARN_UNREACHABLE_CODE = YES;
				CLANG_WARN__DUPLICATE_METHOD_MATCH = YES;
				"CODE_SIGN_IDENTITY[sdk=iphoneos*]" = "iPhone Developer";
				COPY_PHASE_STRIP = NO;
				DEBUG_INFORMATION_FORMAT = "dwarf-with-dsym";
				ENABLE_NS_ASSERTIONS = NO;
				ENABLE_STRICT_OBJC_MSGSEND = YES;
				GCC_C_LANGUAGE_STANDARD = gnu99;
				GCC_NO_COMMON_BLOCKS = YES;
				GCC_WARN_64_TO_32_BIT_CONVERSION = YES;
				GCC_WARN_ABOUT_RETURN_TYPE = YES_ERROR;
				GCC_WARN_UNDECLARED_SELECTOR = YES;
				GCC_WARN_UNINITIALIZED_AUTOS = YES_AGGRESSIVE;
				GCC_WARN_UNUSED_FUNCTION = YES;
				GCC_WARN_UNUSED_VARIABLE = YES;
				IPHONEOS_DEPLOYMENT_TARGET = 9.3;
				MTL_ENABLE_DEBUG_INFO = NO;
				SDKROOT = iphoneos;
				VALIDATE_PRODUCT = YES;
			};
			name = Release;
		};
		4EF6747C1CCE565D007E132F /* Debug */ = {
			isa = XCBuildConfiguration;
			buildSettings = {
				ASSETCATALOG_COMPILER_APPICON_NAME = AppIcon;
				CODE_SIGN_IDENTITY = "iPhone Developer";
				INFOPLIST_FILE = "swift函数式编程/Info.plist";
				LD_RUNPATH_SEARCH_PATHS = "$(inherited) @executable_path/Frameworks";
				PRODUCT_BUNDLE_IDENTIFIER = "com.wuwei.swift.swift-----";
				PRODUCT_NAME = "$(TARGET_NAME)";
			};
			name = Debug;
		};
		4EF6747D1CCE565D007E132F /* Release */ = {
			isa = XCBuildConfiguration;
			buildSettings = {
				ASSETCATALOG_COMPILER_APPICON_NAME = AppIcon;
				CODE_SIGN_IDENTITY = "iPhone Developer";
				INFOPLIST_FILE = "swift函数式编程/Info.plist";
				LD_RUNPATH_SEARCH_PATHS = "$(inherited) @executable_path/Frameworks";
				PRODUCT_BUNDLE_IDENTIFIER = "com.wuwei.swift.swift-----";
				PRODUCT_NAME = "$(TARGET_NAME)";
			};
			name = Release;
		};
/* End XCBuildConfiguration section */

/* Begin XCConfigurationList section */
		4EF674641CCE565D007E132F /* Build configuration list for PBXProject "swift函数式编程" */ = {
			isa = XCConfigurationList;
			buildConfigurations = (
				4EF674791CCE565D007E132F /* Debug */,
				4EF6747A1CCE565D007E132F /* Release */,
			);
			defaultConfigurationIsVisible = 0;
			defaultConfigurationName = Release;
		};
		4EF6747B1CCE565D007E132F /* Build configuration list for PBXNativeTarget "swift函数式编程" */ = {
			isa = XCConfigurationList;
			buildConfigurations = (
				4EF6747C1CCE565D007E132F /* Debug */,
				4EF6747D1CCE565D007E132F /* Release */,
			);
			defaultConfigurationIsVisible = 0;
		};
/* End XCConfigurationList section */
	};
	rootObject = 4EF674611CCE565D007E132F /* Project object */;
}
